// !$*UTF8*$!
{
	archiveVersion = 1;
	classes = {
	};
	objectVersion = 46;
	objects = {

/* Begin PBXBuildFile section */
		130B605B19E6EC7B00D9B6A4 /* main.m in Sources */ = {isa = PBXBuildFile; fileRef = 130B605A19E6EC7B00D9B6A4 /* main.m */; };
		130B605E19E6EC7B00D9B6A4 /* AppDelegate.m in Sources */ = {isa = PBXBuildFile; fileRef = 130B605D19E6EC7B00D9B6A4 /* AppDelegate.m */; };
		130B606119E6EC7B00D9B6A4 /* LoginViewController.m in Sources */ = {isa = PBXBuildFile; fileRef = 130B606019E6EC7B00D9B6A4 /* LoginViewController.m */; };
		130B606419E6EC7B00D9B6A4 /* Main.storyboard in Resources */ = {isa = PBXBuildFile; fileRef = 130B606219E6EC7B00D9B6A4 /* Main.storyboard */; };
		130B606619E6EC7B00D9B6A4 /* Images.xcassets in Resources */ = {isa = PBXBuildFile; fileRef = 130B606519E6EC7B00D9B6A4 /* Images.xcassets */; };
		130B606919E6EC7B00D9B6A4 /* LaunchScreen.xib in Resources */ = {isa = PBXBuildFile; fileRef = 130B606719E6EC7B00D9B6A4 /* LaunchScreen.xib */; };
		130B607519E6EC7B00D9B6A4 /* patTestAppTests.m in Sources */ = {isa = PBXBuildFile; fileRef = 130B607419E6EC7B00D9B6A4 /* patTestAppTests.m */; };
		135083CF19EC680C000524DA /* MenuItem.m in Sources */ = {isa = PBXBuildFile; fileRef = 135083CE19EC680C000524DA /* MenuItem.m */; };
		1354DED019E75EEB008D998F /* CheckedInButton.png in Resources */ = {isa = PBXBuildFile; fileRef = 1354DECF19E75EEB008D998F /* CheckedInButton.png */; };
		1389D70619F083F50079878B /* SuccessViewController.m in Sources */ = {isa = PBXBuildFile; fileRef = 1389D70519F083F50079878B /* SuccessViewController.m */; };
		139643FB19ED7E4100322316 /* PaymentViewController.m in Sources */ = {isa = PBXBuildFile; fileRef = 139643FA19ED7E4100322316 /* PaymentViewController.m */; };
		13BE8DEF19E705CE0077B9A3 /* key.png in Resources */ = {isa = PBXBuildFile; fileRef = 13BE8DEE19E705CE0077B9A3 /* key.png */; };
		13BE8DF119E705E30077B9A3 /* paperwork.png in Resources */ = {isa = PBXBuildFile; fileRef = 13BE8DF019E705E30077B9A3 /* paperwork.png */; };
		13BE8DF319E728A40077B9A3 /* PP_Button.png in Resources */ = {isa = PBXBuildFile; fileRef = 13BE8DF219E728A40077B9A3 /* PP_Button.png */; };
		13BE8DF519E72B130077B9A3 /* CheckInButton.png in Resources */ = {isa = PBXBuildFile; fileRef = 13BE8DF419E72B130077B9A3 /* CheckInButton.png */; };
		13BE8DF719E72B950077B9A3 /* jqg_13539536932.jpg in Resources */ = {isa = PBXBuildFile; fileRef = 13BE8DF619E72B950077B9A3 /* jqg_13539536932.jpg */; };
		13BE8DFA19E730B10077B9A3 /* BindingViewController.m in Sources */ = {isa = PBXBuildFile; fileRef = 13BE8DF919E730B10077B9A3 /* BindingViewController.m */; };
		13BE8DFC19E7391F0077B9A3 /* Foundation.framework in Frameworks */ = {isa = PBXBuildFile; fileRef = 13BE8DFB19E7391F0077B9A3 /* Foundation.framework */; };
		13BE8E2319E7412F0077B9A3 /* AFHTTPRequestOperation.m in Sources */ = {isa = PBXBuildFile; fileRef = 13BE8DFF19E7412F0077B9A3 /* AFHTTPRequestOperation.m */; };
		13BE8E2419E7412F0077B9A3 /* AFHTTPRequestOperationManager.m in Sources */ = {isa = PBXBuildFile; fileRef = 13BE8E0119E7412F0077B9A3 /* AFHTTPRequestOperationManager.m */; };
		13BE8E2519E7412F0077B9A3 /* AFHTTPSessionManager.m in Sources */ = {isa = PBXBuildFile; fileRef = 13BE8E0319E7412F0077B9A3 /* AFHTTPSessionManager.m */; };
		13BE8E2619E7412F0077B9A3 /* AFNetworkReachabilityManager.m in Sources */ = {isa = PBXBuildFile; fileRef = 13BE8E0619E7412F0077B9A3 /* AFNetworkReachabilityManager.m */; };
		13BE8E2719E7412F0077B9A3 /* AFSecurityPolicy.m in Sources */ = {isa = PBXBuildFile; fileRef = 13BE8E0819E7412F0077B9A3 /* AFSecurityPolicy.m */; };
		13BE8E2819E7412F0077B9A3 /* AFURLConnectionOperation.m in Sources */ = {isa = PBXBuildFile; fileRef = 13BE8E0A19E7412F0077B9A3 /* AFURLConnectionOperation.m */; };
		13BE8E2919E7412F0077B9A3 /* AFURLRequestSerialization.m in Sources */ = {isa = PBXBuildFile; fileRef = 13BE8E0C19E7412F0077B9A3 /* AFURLRequestSerialization.m */; };
		13BE8E2A19E7412F0077B9A3 /* AFURLResponseSerialization.m in Sources */ = {isa = PBXBuildFile; fileRef = 13BE8E0E19E7412F0077B9A3 /* AFURLResponseSerialization.m */; };
		13BE8E2B19E7412F0077B9A3 /* AFURLSessionManager.m in Sources */ = {isa = PBXBuildFile; fileRef = 13BE8E1019E7412F0077B9A3 /* AFURLSessionManager.m */; };
		13BE8E2C19E7412F0077B9A3 /* AFNetworkActivityIndicatorManager.m in Sources */ = {isa = PBXBuildFile; fileRef = 13BE8E1319E7412F0077B9A3 /* AFNetworkActivityIndicatorManager.m */; };
		13BE8E2D19E7412F0077B9A3 /* UIActivityIndicatorView+AFNetworking.m in Sources */ = {isa = PBXBuildFile; fileRef = 13BE8E1519E7412F0077B9A3 /* UIActivityIndicatorView+AFNetworking.m */; };
		13BE8E2E19E7412F0077B9A3 /* UIAlertView+AFNetworking.m in Sources */ = {isa = PBXBuildFile; fileRef = 13BE8E1719E7412F0077B9A3 /* UIAlertView+AFNetworking.m */; };
		13BE8E2F19E7412F0077B9A3 /* UIButton+AFNetworking.m in Sources */ = {isa = PBXBuildFile; fileRef = 13BE8E1919E7412F0077B9A3 /* UIButton+AFNetworking.m */; };
		13BE8E3019E7412F0077B9A3 /* UIImageView+AFNetworking.m in Sources */ = {isa = PBXBuildFile; fileRef = 13BE8E1B19E7412F0077B9A3 /* UIImageView+AFNetworking.m */; };
		13BE8E3119E7412F0077B9A3 /* UIProgressView+AFNetworking.m in Sources */ = {isa = PBXBuildFile; fileRef = 13BE8E1E19E7412F0077B9A3 /* UIProgressView+AFNetworking.m */; };
		13BE8E3219E7412F0077B9A3 /* UIRefreshControl+AFNetworking.m in Sources */ = {isa = PBXBuildFile; fileRef = 13BE8E2019E7412F0077B9A3 /* UIRefreshControl+AFNetworking.m */; };
		13BE8E3319E7412F0077B9A3 /* UIWebView+AFNetworking.m in Sources */ = {isa = PBXBuildFile; fileRef = 13BE8E2219E7412F0077B9A3 /* UIWebView+AFNetworking.m */; };
/* End PBXBuildFile section */

/* Begin PBXContainerItemProxy section */
		130B606F19E6EC7B00D9B6A4 /* PBXContainerItemProxy */ = {
			isa = PBXContainerItemProxy;
			containerPortal = 130B604D19E6EC7B00D9B6A4 /* Project object */;
			proxyType = 1;
			remoteGlobalIDString = 130B605419E6EC7B00D9B6A4;
			remoteInfo = patTestApp;
		};
/* End PBXContainerItemProxy section */

/* Begin PBXFileReference section */
		130B605519E6EC7B00D9B6A4 /* patTestApp.app */ = {isa = PBXFileReference; explicitFileType = wrapper.application; includeInIndex = 0; path = patTestApp.app; sourceTree = BUILT_PRODUCTS_DIR; };
		130B605919E6EC7B00D9B6A4 /* Info.plist */ = {isa = PBXFileReference; lastKnownFileType = text.plist.xml; path = Info.plist; sourceTree = "<group>"; };
		130B605A19E6EC7B00D9B6A4 /* main.m */ = {isa = PBXFileReference; lastKnownFileType = sourcecode.c.objc; path = main.m; sourceTree = "<group>"; };
		130B605C19E6EC7B00D9B6A4 /* AppDelegate.h */ = {isa = PBXFileReference; lastKnownFileType = sourcecode.c.h; path = AppDelegate.h; sourceTree = "<group>"; };
		130B605D19E6EC7B00D9B6A4 /* AppDelegate.m */ = {isa = PBXFileReference; lastKnownFileType = sourcecode.c.objc; path = AppDelegate.m; sourceTree = "<group>"; };
		130B605F19E6EC7B00D9B6A4 /* LoginViewController.h */ = {isa = PBXFileReference; lastKnownFileType = sourcecode.c.h; path = LoginViewController.h; sourceTree = "<group>"; };
		130B606019E6EC7B00D9B6A4 /* LoginViewController.m */ = {isa = PBXFileReference; lastKnownFileType = sourcecode.c.objc; path = LoginViewController.m; sourceTree = "<group>"; };
		130B606319E6EC7B00D9B6A4 /* Base */ = {isa = PBXFileReference; lastKnownFileType = file.storyboard; name = Base; path = Base.lproj/Main.storyboard; sourceTree = "<group>"; };
		130B606519E6EC7B00D9B6A4 /* Images.xcassets */ = {isa = PBXFileReference; lastKnownFileType = folder.assetcatalog; path = Images.xcassets; sourceTree = "<group>"; };
		130B606819E6EC7B00D9B6A4 /* Base */ = {isa = PBXFileReference; lastKnownFileType = file.xib; name = Base; path = Base.lproj/LaunchScreen.xib; sourceTree = "<group>"; };
		130B606E19E6EC7B00D9B6A4 /* patTestAppTests.xctest */ = {isa = PBXFileReference; explicitFileType = wrapper.cfbundle; includeInIndex = 0; path = patTestAppTests.xctest; sourceTree = BUILT_PRODUCTS_DIR; };
		130B607319E6EC7B00D9B6A4 /* Info.plist */ = {isa = PBXFileReference; lastKnownFileType = text.plist.xml; path = Info.plist; sourceTree = "<group>"; };
		130B607419E6EC7B00D9B6A4 /* patTestAppTests.m */ = {isa = PBXFileReference; lastKnownFileType = sourcecode.c.objc; path = patTestAppTests.m; sourceTree = "<group>"; };
		135083CD19EC680C000524DA /* MenuItem.h */ = {isa = PBXFileReference; fileEncoding = 4; lastKnownFileType = sourcecode.c.h; path = MenuItem.h; sourceTree = "<group>"; };
		135083CE19EC680C000524DA /* MenuItem.m */ = {isa = PBXFileReference; fileEncoding = 4; lastKnownFileType = sourcecode.c.objc; path = MenuItem.m; sourceTree = "<group>"; };
		1354DECF19E75EEB008D998F /* CheckedInButton.png */ = {isa = PBXFileReference; lastKnownFileType = image.png; path = CheckedInButton.png; sourceTree = "<group>"; };
		1389D70419F083F50079878B /* SuccessViewController.h */ = {isa = PBXFileReference; fileEncoding = 4; lastKnownFileType = sourcecode.c.h; path = SuccessViewController.h; sourceTree = "<group>"; };
		1389D70519F083F50079878B /* SuccessViewController.m */ = {isa = PBXFileReference; fileEncoding = 4; lastKnownFileType = sourcecode.c.objc; path = SuccessViewController.m; sourceTree = "<group>"; };
		139643F919ED7E4100322316 /* PaymentViewController.h */ = {isa = PBXFileReference; fileEncoding = 4; lastKnownFileType = sourcecode.c.h; path = PaymentViewController.h; sourceTree = "<group>"; };
		139643FA19ED7E4100322316 /* PaymentViewController.m */ = {isa = PBXFileReference; fileEncoding = 4; lastKnownFileType = sourcecode.c.objc; path = PaymentViewController.m; sourceTree = "<group>"; };
		13BE8DEE19E705CE0077B9A3 /* key.png */ = {isa = PBXFileReference; lastKnownFileType = image.png; path = key.png; sourceTree = "<group>"; };
		13BE8DF019E705E30077B9A3 /* paperwork.png */ = {isa = PBXFileReference; lastKnownFileType = image.png; path = paperwork.png; sourceTree = "<group>"; };
		13BE8DF219E728A40077B9A3 /* PP_Button.png */ = {isa = PBXFileReference; lastKnownFileType = image.png; path = PP_Button.png; sourceTree = "<group>"; };
		13BE8DF419E72B130077B9A3 /* CheckInButton.png */ = {isa = PBXFileReference; lastKnownFileType = image.png; path = CheckInButton.png; sourceTree = "<group>"; };
		13BE8DF619E72B950077B9A3 /* jqg_13539536932.jpg */ = {isa = PBXFileReference; lastKnownFileType = image.jpeg; path = jqg_13539536932.jpg; sourceTree = "<group>"; };
		13BE8DF819E730B10077B9A3 /* BindingViewController.h */ = {isa = PBXFileReference; fileEncoding = 4; lastKnownFileType = sourcecode.c.h; path = BindingViewController.h; sourceTree = "<group>"; };
		13BE8DF919E730B10077B9A3 /* BindingViewController.m */ = {isa = PBXFileReference; fileEncoding = 4; lastKnownFileType = sourcecode.c.objc; path = BindingViewController.m; sourceTree = "<group>"; };
		13BE8DFB19E7391F0077B9A3 /* Foundation.framework */ = {isa = PBXFileReference; lastKnownFileType = wrapper.framework; name = Foundation.framework; path = System/Library/Frameworks/Foundation.framework; sourceTree = SDKROOT; };
		13BE8DFE19E7412F0077B9A3 /* AFHTTPRequestOperation.h */ = {isa = PBXFileReference; fileEncoding = 4; lastKnownFileType = sourcecode.c.h; path = AFHTTPRequestOperation.h; sourceTree = "<group>"; };
		13BE8DFF19E7412F0077B9A3 /* AFHTTPRequestOperation.m */ = {isa = PBXFileReference; fileEncoding = 4; lastKnownFileType = sourcecode.c.objc; path = AFHTTPRequestOperation.m; sourceTree = "<group>"; };
		13BE8E0019E7412F0077B9A3 /* AFHTTPRequestOperationManager.h */ = {isa = PBXFileReference; fileEncoding = 4; lastKnownFileType = sourcecode.c.h; path = AFHTTPRequestOperationManager.h; sourceTree = "<group>"; };
		13BE8E0119E7412F0077B9A3 /* AFHTTPRequestOperationManager.m */ = {isa = PBXFileReference; fileEncoding = 4; lastKnownFileType = sourcecode.c.objc; path = AFHTTPRequestOperationManager.m; sourceTree = "<group>"; };
		13BE8E0219E7412F0077B9A3 /* AFHTTPSessionManager.h */ = {isa = PBXFileReference; fileEncoding = 4; lastKnownFileType = sourcecode.c.h; path = AFHTTPSessionManager.h; sourceTree = "<group>"; };
		13BE8E0319E7412F0077B9A3 /* AFHTTPSessionManager.m */ = {isa = PBXFileReference; fileEncoding = 4; lastKnownFileType = sourcecode.c.objc; path = AFHTTPSessionManager.m; sourceTree = "<group>"; };
		13BE8E0419E7412F0077B9A3 /* AFNetworking.h */ = {isa = PBXFileReference; fileEncoding = 4; lastKnownFileType = sourcecode.c.h; path = AFNetworking.h; sourceTree = "<group>"; };
		13BE8E0519E7412F0077B9A3 /* AFNetworkReachabilityManager.h */ = {isa = PBXFileReference; fileEncoding = 4; lastKnownFileType = sourcecode.c.h; path = AFNetworkReachabilityManager.h; sourceTree = "<group>"; };
		13BE8E0619E7412F0077B9A3 /* AFNetworkReachabilityManager.m */ = {isa = PBXFileReference; fileEncoding = 4; lastKnownFileType = sourcecode.c.objc; path = AFNetworkReachabilityManager.m; sourceTree = "<group>"; };
		13BE8E0719E7412F0077B9A3 /* AFSecurityPolicy.h */ = {isa = PBXFileReference; fileEncoding = 4; lastKnownFileType = sourcecode.c.h; path = AFSecurityPolicy.h; sourceTree = "<group>"; };
		13BE8E0819E7412F0077B9A3 /* AFSecurityPolicy.m */ = {isa = PBXFileReference; fileEncoding = 4; lastKnownFileType = sourcecode.c.objc; path = AFSecurityPolicy.m; sourceTree = "<group>"; };
		13BE8E0919E7412F0077B9A3 /* AFURLConnectionOperation.h */ = {isa = PBXFileReference; fileEncoding = 4; lastKnownFileType = sourcecode.c.h; path = AFURLConnectionOperation.h; sourceTree = "<group>"; };
		13BE8E0A19E7412F0077B9A3 /* AFURLConnectionOperation.m */ = {isa = PBXFileReference; fileEncoding = 4; lastKnownFileType = sourcecode.c.objc; path = AFURLConnectionOperation.m; sourceTree = "<group>"; };
		13BE8E0B19E7412F0077B9A3 /* AFURLRequestSerialization.h */ = {isa = PBXFileReference; fileEncoding = 4; lastKnownFileType = sourcecode.c.h; path = AFURLRequestSerialization.h; sourceTree = "<group>"; };
		13BE8E0C19E7412F0077B9A3 /* AFURLRequestSerialization.m */ = {isa = PBXFileReference; fileEncoding = 4; lastKnownFileType = sourcecode.c.objc; path = AFURLRequestSerialization.m; sourceTree = "<group>"; };
		13BE8E0D19E7412F0077B9A3 /* AFURLResponseSerialization.h */ = {isa = PBXFileReference; fileEncoding = 4; lastKnownFileType = sourcecode.c.h; path = AFURLResponseSerialization.h; sourceTree = "<group>"; };
		13BE8E0E19E7412F0077B9A3 /* AFURLResponseSerialization.m */ = {isa = PBXFileReference; fileEncoding = 4; lastKnownFileType = sourcecode.c.objc; path = AFURLResponseSerialization.m; sourceTree = "<group>"; };
		13BE8E0F19E7412F0077B9A3 /* AFURLSessionManager.h */ = {isa = PBXFileReference; fileEncoding = 4; lastKnownFileType = sourcecode.c.h; path = AFURLSessionManager.h; sourceTree = "<group>"; };
		13BE8E1019E7412F0077B9A3 /* AFURLSessionManager.m */ = {isa = PBXFileReference; fileEncoding = 4; lastKnownFileType = sourcecode.c.objc; path = AFURLSessionManager.m; sourceTree = "<group>"; };
		13BE8E1219E7412F0077B9A3 /* AFNetworkActivityIndicatorManager.h */ = {isa = PBXFileReference; fileEncoding = 4; lastKnownFileType = sourcecode.c.h; path = AFNetworkActivityIndicatorManager.h; sourceTree = "<group>"; };
		13BE8E1319E7412F0077B9A3 /* AFNetworkActivityIndicatorManager.m */ = {isa = PBXFileReference; fileEncoding = 4; lastKnownFileType = sourcecode.c.objc; path = AFNetworkActivityIndicatorManager.m; sourceTree = "<group>"; };
		13BE8E1419E7412F0077B9A3 /* UIActivityIndicatorView+AFNetworking.h */ = {isa = PBXFileReference; fileEncoding = 4; lastKnownFileType = sourcecode.c.h; path = "UIActivityIndicatorView+AFNetworking.h"; sourceTree = "<group>"; };
		13BE8E1519E7412F0077B9A3 /* UIActivityIndicatorView+AFNetworking.m */ = {isa = PBXFileReference; fileEncoding = 4; lastKnownFileType = sourcecode.c.objc; path = "UIActivityIndicatorView+AFNetworking.m"; sourceTree = "<group>"; };
		13BE8E1619E7412F0077B9A3 /* UIAlertView+AFNetworking.h */ = {isa = PBXFileReference; fileEncoding = 4; lastKnownFileType = sourcecode.c.h; path = "UIAlertView+AFNetworking.h"; sourceTree = "<group>"; };
		13BE8E1719E7412F0077B9A3 /* UIAlertView+AFNetworking.m */ = {isa = PBXFileReference; fileEncoding = 4; lastKnownFileType = sourcecode.c.objc; path = "UIAlertView+AFNetworking.m"; sourceTree = "<group>"; };
		13BE8E1819E7412F0077B9A3 /* UIButton+AFNetworking.h */ = {isa = PBXFileReference; fileEncoding = 4; lastKnownFileType = sourcecode.c.h; path = "UIButton+AFNetworking.h"; sourceTree = "<group>"; };
		13BE8E1919E7412F0077B9A3 /* UIButton+AFNetworking.m */ = {isa = PBXFileReference; fileEncoding = 4; lastKnownFileType = sourcecode.c.objc; path = "UIButton+AFNetworking.m"; sourceTree = "<group>"; };
		13BE8E1A19E7412F0077B9A3 /* UIImageView+AFNetworking.h */ = {isa = PBXFileReference; fileEncoding = 4; lastKnownFileType = sourcecode.c.h; path = "UIImageView+AFNetworking.h"; sourceTree = "<group>"; };
		13BE8E1B19E7412F0077B9A3 /* UIImageView+AFNetworking.m */ = {isa = PBXFileReference; fileEncoding = 4; lastKnownFileType = sourcecode.c.objc; path = "UIImageView+AFNetworking.m"; sourceTree = "<group>"; };
		13BE8E1C19E7412F0077B9A3 /* UIKit+AFNetworking.h */ = {isa = PBXFileReference; fileEncoding = 4; lastKnownFileType = sourcecode.c.h; path = "UIKit+AFNetworking.h"; sourceTree = "<group>"; };
		13BE8E1D19E7412F0077B9A3 /* UIProgressView+AFNetworking.h */ = {isa = PBXFileReference; fileEncoding = 4; lastKnownFileType = sourcecode.c.h; path = "UIProgressView+AFNetworking.h"; sourceTree = "<group>"; };
		13BE8E1E19E7412F0077B9A3 /* UIProgressView+AFNetworking.m */ = {isa = PBXFileReference; fileEncoding = 4; lastKnownFileType = sourcecode.c.objc; path = "UIProgressView+AFNetworking.m"; sourceTree = "<group>"; };
		13BE8E1F19E7412F0077B9A3 /* UIRefreshControl+AFNetworking.h */ = {isa = PBXFileReference; fileEncoding = 4; lastKnownFileType = sourcecode.c.h; path = "UIRefreshControl+AFNetworking.h"; sourceTree = "<group>"; };
		13BE8E2019E7412F0077B9A3 /* UIRefreshControl+AFNetworking.m */ = {isa = PBXFileReference; fileEncoding = 4; lastKnownFileType = sourcecode.c.objc; path = "UIRefreshControl+AFNetworking.m"; sourceTree = "<group>"; };
		13BE8E2119E7412F0077B9A3 /* UIWebView+AFNetworking.h */ = {isa = PBXFileReference; fileEncoding = 4; lastKnownFileType = sourcecode.c.h; path = "UIWebView+AFNetworking.h"; sourceTree = "<group>"; };
		13BE8E2219E7412F0077B9A3 /* UIWebView+AFNetworking.m */ = {isa = PBXFileReference; fileEncoding = 4; lastKnownFileType = sourcecode.c.objc; path = "UIWebView+AFNetworking.m"; sourceTree = "<group>"; };
/* End PBXFileReference section */

/* Begin PBXFrameworksBuildPhase section */
		130B605219E6EC7B00D9B6A4 /* Frameworks */ = {
			isa = PBXFrameworksBuildPhase;
			buildActionMask = 2147483647;
			files = (
				13BE8DFC19E7391F0077B9A3 /* Foundation.framework in Frameworks */,
			);
			runOnlyForDeploymentPostprocessing = 0;
		};
		130B606B19E6EC7B00D9B6A4 /* Frameworks */ = {
			isa = PBXFrameworksBuildPhase;
			buildActionMask = 2147483647;
			files = (
			);
			runOnlyForDeploymentPostprocessing = 0;
		};
/* End PBXFrameworksBuildPhase section */

/* Begin PBXGroup section */
		130B604C19E6EC7B00D9B6A4 = {
			isa = PBXGroup;
			children = (
				130B605719E6EC7B00D9B6A4 /* patTestApp */,
				130B607119E6EC7B00D9B6A4 /* patTestAppTests */,
				130B605619E6EC7B00D9B6A4 /* Products */,
				13BE8DFB19E7391F0077B9A3 /* Foundation.framework */,
			);
			sourceTree = "<group>";
		};
		130B605619E6EC7B00D9B6A4 /* Products */ = {
			isa = PBXGroup;
			children = (
				130B605519E6EC7B00D9B6A4 /* patTestApp.app */,
				130B606E19E6EC7B00D9B6A4 /* patTestAppTests.xctest */,
			);
			name = Products;
			sourceTree = "<group>";
		};
		130B605719E6EC7B00D9B6A4 /* patTestApp */ = {
			isa = PBXGroup;
			children = (
				130B605C19E6EC7B00D9B6A4 /* AppDelegate.h */,
				130B605D19E6EC7B00D9B6A4 /* AppDelegate.m */,
				13BE8DF819E730B10077B9A3 /* BindingViewController.h */,
				13BE8DF919E730B10077B9A3 /* BindingViewController.m */,
				130B605F19E6EC7B00D9B6A4 /* LoginViewController.h */,
				130B606019E6EC7B00D9B6A4 /* LoginViewController.m */,
				135083CD19EC680C000524DA /* MenuItem.h */,
				135083CE19EC680C000524DA /* MenuItem.m */,
				130B606219E6EC7B00D9B6A4 /* Main.storyboard */,
				130B606519E6EC7B00D9B6A4 /* Images.xcassets */,
				130B606719E6EC7B00D9B6A4 /* LaunchScreen.xib */,
				130B605819E6EC7B00D9B6A4 /* Supporting Files */,
				139643F919ED7E4100322316 /* PaymentViewController.h */,
				139643FA19ED7E4100322316 /* PaymentViewController.m */,
				1389D70419F083F50079878B /* SuccessViewController.h */,
				1389D70519F083F50079878B /* SuccessViewController.m */,
			);
			path = patTestApp;
			sourceTree = "<group>";
		};
		130B605819E6EC7B00D9B6A4 /* Supporting Files */ = {
			isa = PBXGroup;
			children = (
				1354DECF19E75EEB008D998F /* CheckedInButton.png */,
				13BE8DFD19E7412F0077B9A3 /* AFNetworking */,
				13BE8E1119E7412F0077B9A3 /* UIKit+AFNetworking */,
				13BE8DF619E72B950077B9A3 /* jqg_13539536932.jpg */,
				13BE8DF419E72B130077B9A3 /* CheckInButton.png */,
				13BE8DF219E728A40077B9A3 /* PP_Button.png */,
				13BE8DF019E705E30077B9A3 /* paperwork.png */,
				13BE8DEE19E705CE0077B9A3 /* key.png */,
				130B605919E6EC7B00D9B6A4 /* Info.plist */,
				130B605A19E6EC7B00D9B6A4 /* main.m */,
			);
			name = "Supporting Files";
			sourceTree = "<group>";
		};
		130B607119E6EC7B00D9B6A4 /* patTestAppTests */ = {
			isa = PBXGroup;
			children = (
				130B607419E6EC7B00D9B6A4 /* patTestAppTests.m */,
				130B607219E6EC7B00D9B6A4 /* Supporting Files */,
			);
			path = patTestAppTests;
			sourceTree = "<group>";
		};
		130B607219E6EC7B00D9B6A4 /* Supporting Files */ = {
			isa = PBXGroup;
			children = (
				130B607319E6EC7B00D9B6A4 /* Info.plist */,
			);
			name = "Supporting Files";
			sourceTree = "<group>";
		};
		13BE8DFD19E7412F0077B9A3 /* AFNetworking */ = {
			isa = PBXGroup;
			children = (
				13BE8DFE19E7412F0077B9A3 /* AFHTTPRequestOperation.h */,
				13BE8DFF19E7412F0077B9A3 /* AFHTTPRequestOperation.m */,
				13BE8E0019E7412F0077B9A3 /* AFHTTPRequestOperationManager.h */,
				13BE8E0119E7412F0077B9A3 /* AFHTTPRequestOperationManager.m */,
				13BE8E0219E7412F0077B9A3 /* AFHTTPSessionManager.h */,
				13BE8E0319E7412F0077B9A3 /* AFHTTPSessionManager.m */,
				13BE8E0419E7412F0077B9A3 /* AFNetworking.h */,
				13BE8E0519E7412F0077B9A3 /* AFNetworkReachabilityManager.h */,
				13BE8E0619E7412F0077B9A3 /* AFNetworkReachabilityManager.m */,
				13BE8E0719E7412F0077B9A3 /* AFSecurityPolicy.h */,
				13BE8E0819E7412F0077B9A3 /* AFSecurityPolicy.m */,
				13BE8E0919E7412F0077B9A3 /* AFURLConnectionOperation.h */,
				13BE8E0A19E7412F0077B9A3 /* AFURLConnectionOperation.m */,
				13BE8E0B19E7412F0077B9A3 /* AFURLRequestSerialization.h */,
				13BE8E0C19E7412F0077B9A3 /* AFURLRequestSerialization.m */,
				13BE8E0D19E7412F0077B9A3 /* AFURLResponseSerialization.h */,
				13BE8E0E19E7412F0077B9A3 /* AFURLResponseSerialization.m */,
				13BE8E0F19E7412F0077B9A3 /* AFURLSessionManager.h */,
				13BE8E1019E7412F0077B9A3 /* AFURLSessionManager.m */,
			);
			path = AFNetworking;
			sourceTree = "<group>";
		};
		13BE8E1119E7412F0077B9A3 /* UIKit+AFNetworking */ = {
			isa = PBXGroup;
			children = (
				13BE8E1219E7412F0077B9A3 /* AFNetworkActivityIndicatorManager.h */,
				13BE8E1319E7412F0077B9A3 /* AFNetworkActivityIndicatorManager.m */,
				13BE8E1419E7412F0077B9A3 /* UIActivityIndicatorView+AFNetworking.h */,
				13BE8E1519E7412F0077B9A3 /* UIActivityIndicatorView+AFNetworking.m */,
				13BE8E1619E7412F0077B9A3 /* UIAlertView+AFNetworking.h */,
				13BE8E1719E7412F0077B9A3 /* UIAlertView+AFNetworking.m */,
				13BE8E1819E7412F0077B9A3 /* UIButton+AFNetworking.h */,
				13BE8E1919E7412F0077B9A3 /* UIButton+AFNetworking.m */,
				13BE8E1A19E7412F0077B9A3 /* UIImageView+AFNetworking.h */,
				13BE8E1B19E7412F0077B9A3 /* UIImageView+AFNetworking.m */,
				13BE8E1C19E7412F0077B9A3 /* UIKit+AFNetworking.h */,
				13BE8E1D19E7412F0077B9A3 /* UIProgressView+AFNetworking.h */,
				13BE8E1E19E7412F0077B9A3 /* UIProgressView+AFNetworking.m */,
				13BE8E1F19E7412F0077B9A3 /* UIRefreshControl+AFNetworking.h */,
				13BE8E2019E7412F0077B9A3 /* UIRefreshControl+AFNetworking.m */,
				13BE8E2119E7412F0077B9A3 /* UIWebView+AFNetworking.h */,
				13BE8E2219E7412F0077B9A3 /* UIWebView+AFNetworking.m */,
			);
			path = "UIKit+AFNetworking";
			sourceTree = "<group>";
		};
/* End PBXGroup section */

/* Begin PBXNativeTarget section */
		130B605419E6EC7B00D9B6A4 /* patTestApp */ = {
			isa = PBXNativeTarget;
			buildConfigurationList = 130B607819E6EC7B00D9B6A4 /* Build configuration list for PBXNativeTarget "patTestApp" */;
			buildPhases = (
				130B605119E6EC7B00D9B6A4 /* Sources */,
				130B605219E6EC7B00D9B6A4 /* Frameworks */,
				130B605319E6EC7B00D9B6A4 /* Resources */,
			);
			buildRules = (
			);
			dependencies = (
			);
			name = patTestApp;
			productName = patTestApp;
			productReference = 130B605519E6EC7B00D9B6A4 /* patTestApp.app */;
			productType = "com.apple.product-type.application";
		};
		130B606D19E6EC7B00D9B6A4 /* patTestAppTests */ = {
			isa = PBXNativeTarget;
			buildConfigurationList = 130B607B19E6EC7B00D9B6A4 /* Build configuration list for PBXNativeTarget "patTestAppTests" */;
			buildPhases = (
				130B606A19E6EC7B00D9B6A4 /* Sources */,
				130B606B19E6EC7B00D9B6A4 /* Frameworks */,
				130B606C19E6EC7B00D9B6A4 /* Resources */,
			);
			buildRules = (
			);
			dependencies = (
				130B607019E6EC7B00D9B6A4 /* PBXTargetDependency */,
			);
			name = patTestAppTests;
			productName = patTestAppTests;
			productReference = 130B606E19E6EC7B00D9B6A4 /* patTestAppTests.xctest */;
			productType = "com.apple.product-type.bundle.unit-test";
		};
/* End PBXNativeTarget section */

/* Begin PBXProject section */
		130B604D19E6EC7B00D9B6A4 /* Project object */ = {
			isa = PBXProject;
			attributes = {
				LastUpgradeCheck = 0600;
				ORGANIZATIONNAME = PayPal;
				TargetAttributes = {
					130B605419E6EC7B00D9B6A4 = {
						CreatedOnToolsVersion = 6.0.1;
					};
					130B606D19E6EC7B00D9B6A4 = {
						CreatedOnToolsVersion = 6.0.1;
						TestTargetID = 130B605419E6EC7B00D9B6A4;
					};
				};
			};
			buildConfigurationList = 130B605019E6EC7B00D9B6A4 /* Build configuration list for PBXProject "patTestApp" */;
			compatibilityVersion = "Xcode 3.2";
			developmentRegion = English;
			hasScannedForEncodings = 0;
			knownRegions = (
				en,
				Base,
			);
			mainGroup = 130B604C19E6EC7B00D9B6A4;
			productRefGroup = 130B605619E6EC7B00D9B6A4 /* Products */;
			projectDirPath = "";
			projectRoot = "";
			targets = (
				130B605419E6EC7B00D9B6A4 /* patTestApp */,
				130B606D19E6EC7B00D9B6A4 /* patTestAppTests */,
			);
		};
/* End PBXProject section */

/* Begin PBXResourcesBuildPhase section */
		130B605319E6EC7B00D9B6A4 /* Resources */ = {
			isa = PBXResourcesBuildPhase;
			buildActionMask = 2147483647;
			files = (
				130B606419E6EC7B00D9B6A4 /* Main.storyboard in Resources */,
				13BE8DF319E728A40077B9A3 /* PP_Button.png in Resources */,
				130B606919E6EC7B00D9B6A4 /* LaunchScreen.xib in Resources */,
				13BE8DF519E72B130077B9A3 /* CheckInButton.png in Resources */,
				13BE8DF719E72B950077B9A3 /* jqg_13539536932.jpg in Resources */,
				13BE8DF119E705E30077B9A3 /* paperwork.png in Resources */,
				130B606619E6EC7B00D9B6A4 /* Images.xcassets in Resources */,
				1354DED019E75EEB008D998F /* CheckedInButton.png in Resources */,
				13BE8DEF19E705CE0077B9A3 /* key.png in Resources */,
			);
			runOnlyForDeploymentPostprocessing = 0;
		};
		130B606C19E6EC7B00D9B6A4 /* Resources */ = {
			isa = PBXResourcesBuildPhase;
			buildActionMask = 2147483647;
			files = (
			);
			runOnlyForDeploymentPostprocessing = 0;
		};
/* End PBXResourcesBuildPhase section */

/* Begin PBXSourcesBuildPhase section */
		130B605119E6EC7B00D9B6A4 /* Sources */ = {
			isa = PBXSourcesBuildPhase;
			buildActionMask = 2147483647;
			files = (
				13BE8E3119E7412F0077B9A3 /* UIProgressView+AFNetworking.m in Sources */,
				135083CF19EC680C000524DA /* MenuItem.m in Sources */,
				13BE8E2F19E7412F0077B9A3 /* UIButton+AFNetworking.m in Sources */,
				13BE8E3219E7412F0077B9A3 /* UIRefreshControl+AFNetworking.m in Sources */,
				13BE8E2E19E7412F0077B9A3 /* UIAlertView+AFNetworking.m in Sources */,
				130B606119E6EC7B00D9B6A4 /* LoginViewController.m in Sources */,
				13BE8E2719E7412F0077B9A3 /* AFSecurityPolicy.m in Sources */,
				13BE8DFA19E730B10077B9A3 /* BindingViewController.m in Sources */,
				13BE8E2419E7412F0077B9A3 /* AFHTTPRequestOperationManager.m in Sources */,
				13BE8E2819E7412F0077B9A3 /* AFURLConnectionOperation.m in Sources */,
				1389D70619F083F50079878B /* SuccessViewController.m in Sources */,
				13BE8E3019E7412F0077B9A3 /* UIImageView+AFNetworking.m in Sources */,
				13BE8E2319E7412F0077B9A3 /* AFHTTPRequestOperation.m in Sources */,
				13BE8E2D19E7412F0077B9A3 /* UIActivityIndicatorView+AFNetworking.m in Sources */,
				130B605E19E6EC7B00D9B6A4 /* AppDelegate.m in Sources */,
				13BE8E2919E7412F0077B9A3 /* AFURLRequestSerialization.m in Sources */,
				13BE8E2519E7412F0077B9A3 /* AFHTTPSessionManager.m in Sources */,
				13BE8E2619E7412F0077B9A3 /* AFNetworkReachabilityManager.m in Sources */,
				13BE8E2A19E7412F0077B9A3 /* AFURLResponseSerialization.m in Sources */,
				139643FB19ED7E4100322316 /* PaymentViewController.m in Sources */,
				13BE8E3319E7412F0077B9A3 /* UIWebView+AFNetworking.m in Sources */,
				13BE8E2B19E7412F0077B9A3 /* AFURLSessionManager.m in Sources */,
				13BE8E2C19E7412F0077B9A3 /* AFNetworkActivityIndicatorManager.m in Sources */,
				130B605B19E6EC7B00D9B6A4 /* main.m in Sources */,
			);
			runOnlyForDeploymentPostprocessing = 0;
		};
		130B606A19E6EC7B00D9B6A4 /* Sources */ = {
			isa = PBXSourcesBuildPhase;
			buildActionMask = 2147483647;
			files = (
				130B607519E6EC7B00D9B6A4 /* patTestAppTests.m in Sources */,
			);
			runOnlyForDeploymentPostprocessing = 0;
		};
/* End PBXSourcesBuildPhase section */

/* Begin PBXTargetDependency section */
		130B607019E6EC7B00D9B6A4 /* PBXTargetDependency */ = {
			isa = PBXTargetDependency;
			target = 130B605419E6EC7B00D9B6A4 /* patTestApp */;
			targetProxy = 130B606F19E6EC7B00D9B6A4 /* PBXContainerItemProxy */;
		};
/* End PBXTargetDependency section */

/* Begin PBXVariantGroup section */
		130B606219E6EC7B00D9B6A4 /* Main.storyboard */ = {
			isa = PBXVariantGroup;
			children = (
				130B606319E6EC7B00D9B6A4 /* Base */,
			);
			name = Main.storyboard;
			sourceTree = "<group>";
		};
		130B606719E6EC7B00D9B6A4 /* LaunchScreen.xib */ = {
			isa = PBXVariantGroup;
			children = (
				130B606819E6EC7B00D9B6A4 /* Base */,
			);
			name = LaunchScreen.xib;
			sourceTree = "<group>";
		};
/* End PBXVariantGroup section */

/* Begin XCBuildConfiguration section */
		130B607619E6EC7B00D9B6A4 /* Debug */ = {
			isa = XCBuildConfiguration;
			buildSettings = {
				ALWAYS_SEARCH_USER_PATHS = NO;
				CLANG_CXX_LANGUAGE_STANDARD = "gnu++0x";
				CLANG_CXX_LIBRARY = "libc++";
				CLANG_ENABLE_MODULES = YES;
				CLANG_ENABLE_OBJC_ARC = YES;
				CLANG_WARN_BOOL_CONVERSION = YES;
				CLANG_WARN_CONSTANT_CONVERSION = YES;
				CLANG_WARN_DIRECT_OBJC_ISA_USAGE = YES_ERROR;
				CLANG_WARN_EMPTY_BODY = YES;
				CLANG_WARN_ENUM_CONVERSION = YES;
				CLANG_WARN_INT_CONVERSION = YES;
				CLANG_WARN_OBJC_ROOT_CLASS = YES_ERROR;
				CLANG_WARN_UNREACHABLE_CODE = YES;
				CLANG_WARN__DUPLICATE_METHOD_MATCH = YES;
				"CODE_SIGN_IDENTITY[sdk=iphoneos*]" = "iPhone Developer";
				COPY_PHASE_STRIP = NO;
				ENABLE_STRICT_OBJC_MSGSEND = YES;
				GCC_C_LANGUAGE_STANDARD = gnu99;
				GCC_DYNAMIC_NO_PIC = NO;
				GCC_OPTIMIZATION_LEVEL = 0;
				GCC_PREPROCESSOR_DEFINITIONS = (
					"DEBUG=1",
					"$(inherited)",
				);
				GCC_SYMBOLS_PRIVATE_EXTERN = NO;
				GCC_WARN_64_TO_32_BIT_CONVERSION = YES;
				GCC_WARN_ABOUT_RETURN_TYPE = YES_ERROR;
				GCC_WARN_UNDECLARED_SELECTOR = YES;
				GCC_WARN_UNINITIALIZED_AUTOS = YES_AGGRESSIVE;
				GCC_WARN_UNUSED_FUNCTION = YES;
				GCC_WARN_UNUSED_VARIABLE = YES;
				IPHONEOS_DEPLOYMENT_TARGET = 8.0;
				MTL_ENABLE_DEBUG_INFO = YES;
				ONLY_ACTIVE_ARCH = YES;
				SDKROOT = iphoneos;
			};
			name = Debug;
		};
		130B607719E6EC7B00D9B6A4 /* Release */ = {
			isa = XCBuildConfiguration;
			buildSettings = {
				ALWAYS_SEARCH_USER_PATHS = NO;
				CLANG_CXX_LANGUAGE_STANDARD = "gnu++0x";
				CLANG_CXX_LIBRARY = "libc++";
				CLANG_ENABLE_MODULES = YES;
				CLANG_ENABLE_OBJC_ARC = YES;
				CLANG_WARN_BOOL_CONVERSION = YES;
				CLANG_WARN_CONSTANT_CONVERSION = YES;
				CLANG_WARN_DIRECT_OBJC_ISA_USAGE = YES_ERROR;
				CLANG_WARN_EMPTY_BODY = YES;
				CLANG_WARN_ENUM_CONVERSION = YES;
				CLANG_WARN_INT_CONVERSION = YES;
				CLANG_WARN_OBJC_ROOT_CLASS = YES_ERROR;
				CLANG_WARN_UNREACHABLE_CODE = YES;
				CLANG_WARN__DUPLICATE_METHOD_MATCH = YES;
				"CODE_SIGN_IDENTITY[sdk=iphoneos*]" = "iPhone Developer";
				COPY_PHASE_STRIP = YES;
				ENABLE_NS_ASSERTIONS = NO;
				ENABLE_STRICT_OBJC_MSGSEND = YES;
				GCC_C_LANGUAGE_STANDARD = gnu99;
				GCC_WARN_64_TO_32_BIT_CONVERSION = YES;
				GCC_WARN_ABOUT_RETURN_TYPE = YES_ERROR;
				GCC_WARN_UNDECLARED_SELECTOR = YES;
				GCC_WARN_UNINITIALIZED_AUTOS = YES_AGGRESSIVE;
				GCC_WARN_UNUSED_FUNCTION = YES;
				GCC_WARN_UNUSED_VARIABLE = YES;
				IPHONEOS_DEPLOYMENT_TARGET = 8.0;
				MTL_ENABLE_DEBUG_INFO = NO;
				SDKROOT = iphoneos;
				VALIDATE_PRODUCT = YES;
			};
			name = Release;
		};
		130B607919E6EC7B00D9B6A4 /* Debug */ = {
			isa = XCBuildConfiguration;
			buildSettings = {
				ASSETCATALOG_COMPILER_APPICON_NAME = AppIcon;
				INFOPLIST_FILE = patTestApp/Info.plist;
				LD_RUNPATH_SEARCH_PATHS = "$(inherited) @executable_path/Frameworks";
				PRODUCT_NAME = "$(TARGET_NAME)";
			};
			name = Debug;
		};
		130B607A19E6EC7B00D9B6A4 /* Release */ = {
			isa = XCBuildConfiguration;
			buildSettings = {
				ASSETCATALOG_COMPILER_APPICON_NAME = AppIcon;
				INFOPLIST_FILE = patTestApp/Info.plist;
				LD_RUNPATH_SEARCH_PATHS = "$(inherited) @executable_path/Frameworks";
				PRODUCT_NAME = "$(TARGET_NAME)";
			};
			name = Release;
		};
		130B607C19E6EC7B00D9B6A4 /* Debug */ = {
			isa = XCBuildConfiguration;
			buildSettings = {
				BUNDLE_LOADER = "$(TEST_HOST)";
				FRAMEWORK_SEARCH_PATHS = (
					"$(SDKROOT)/Developer/Library/Frameworks",
					"$(inherited)",
				);
				GCC_PREPROCESSOR_DEFINITIONS = (
					"DEBUG=1",
					"$(inherited)",
				);
				INFOPLIST_FILE = patTestAppTests/Info.plist;
				LD_RUNPATH_SEARCH_PATHS = "$(inherited) @executable_path/Frameworks @loader_path/Frameworks";
				PRODUCT_NAME = "$(TARGET_NAME)";
				TEST_HOST = "$(BUILT_PRODUCTS_DIR)/patTestApp.app/patTestApp";
			};
			name = Debug;
		};
		130B607D19E6EC7B00D9B6A4 /* Release */ = {
			isa = XCBuildConfiguration;
			buildSettings = {
				BUNDLE_LOADER = "$(TEST_HOST)";
				FRAMEWORK_SEARCH_PATHS = (
					"$(SDKROOT)/Developer/Library/Frameworks",
					"$(inherited)",
				);
				INFOPLIST_FILE = patTestAppTests/Info.plist;
				LD_RUNPATH_SEARCH_PATHS = "$(inherited) @executable_path/Frameworks @loader_path/Frameworks";
				PRODUCT_NAME = "$(TARGET_NAME)";
				TEST_HOST = "$(BUILT_PRODUCTS_DIR)/patTestApp.app/patTestApp";
			};
			name = Release;
		};
/* End XCBuildConfiguration section */

/* Begin XCConfigurationList section */
		130B605019E6EC7B00D9B6A4 /* Build configuration list for PBXProject "patTestApp" */ = {
			isa = XCConfigurationList;
			buildConfigurations = (
				130B607619E6EC7B00D9B6A4 /* Debug */,
				130B607719E6EC7B00D9B6A4 /* Release */,
			);
			defaultConfigurationIsVisible = 0;
			defaultConfigurationName = Release;
		};
		130B607819E6EC7B00D9B6A4 /* Build configuration list for PBXNativeTarget "patTestApp" */ = {
			isa = XCConfigurationList;
			buildConfigurations = (
				130B607919E6EC7B00D9B6A4 /* Debug */,
				130B607A19E6EC7B00D9B6A4 /* Release */,
			);
			defaultConfigurationIsVisible = 0;
			defaultConfigurationName = Release;
		};
		130B607B19E6EC7B00D9B6A4 /* Build configuration list for PBXNativeTarget "patTestAppTests" */ = {
			isa = XCConfigurationList;
			buildConfigurations = (
				130B607C19E6EC7B00D9B6A4 /* Debug */,
				130B607D19E6EC7B00D9B6A4 /* Release */,
			);
			defaultConfigurationIsVisible = 0;
			defaultConfigurationName = Release;
		};
/* End XCConfigurationList section */
	};
	rootObject = 130B604D19E6EC7B00D9B6A4 /* Project object */;
}
